// !$*UTF8*$!
{
	archiveVersion = 1;
	classes = {
	};
	objectVersion = 56;
	objects = {

/* Begin PBXBuildFile section */
		371599802A8A12BA00FED88E /* UpcomingEventModel.swift in Sources */ = {isa = PBXBuildFile; fileRef = 3715997F2A8A12BA00FED88E /* UpcomingEventModel.swift */; };
		371599822A8A12EB00FED88E /* CalendarModel.swift in Sources */ = {isa = PBXBuildFile; fileRef = 371599812A8A12EB00FED88E /* CalendarModel.swift */; };
		371599842A8A130800FED88E /* Types.swift in Sources */ = {isa = PBXBuildFile; fileRef = 371599832A8A130800FED88E /* Types.swift */; };
		371599882A8A1B3900FED88E /* BaseExtension.swift in Sources */ = {isa = PBXBuildFile; fileRef = 371599872A8A1B3900FED88E /* BaseExtension.swift */; };
		3715998A2A8A1B9D00FED88E /* DateExtension.swift in Sources */ = {isa = PBXBuildFile; fileRef = 371599892A8A1B9D00FED88E /* DateExtension.swift */; };
		3715998C2A8A22B800FED88E /* CalendarData.swift in Sources */ = {isa = PBXBuildFile; fileRef = 3715998B2A8A22B800FED88E /* CalendarData.swift */; };
		3715998F2A8A23C700FED88E /* LabelView.swift in Sources */ = {isa = PBXBuildFile; fileRef = 3715998E2A8A23C700FED88E /* LabelView.swift */; };
		371599912A8A24D600FED88E /* ListView.swift in Sources */ = {isa = PBXBuildFile; fileRef = 371599902A8A24D600FED88E /* ListView.swift */; };
		371599932A8A25E900FED88E /* SettingsTabView.swift in Sources */ = {isa = PBXBuildFile; fileRef = 371599922A8A25E900FED88E /* SettingsTabView.swift */; };
		37E352882A838207007211F7 /* Upcoming_EventsApp.swift in Sources */ = {isa = PBXBuildFile; fileRef = 37E352872A838207007211F7 /* Upcoming_EventsApp.swift */; };
		37E3528C2A838208007211F7 /* Assets.xcassets in Resources */ = {isa = PBXBuildFile; fileRef = 37E3528B2A838208007211F7 /* Assets.xcassets */; };
		37E3528F2A838208007211F7 /* Preview Assets.xcassets in Resources */ = {isa = PBXBuildFile; fileRef = 37E3528E2A838208007211F7 /* Preview Assets.xcassets */; };
		37E352982A838297007211F7 /* MenuBarExtraAccess in Frameworks */ = {isa = PBXBuildFile; productRef = 37E352972A838297007211F7 /* MenuBarExtraAccess */; };
		37E3529B2A8382B2007211F7 /* SwiftFormat in Frameworks */ = {isa = PBXBuildFile; productRef = 37E3529A2A8382B2007211F7 /* SwiftFormat */; };
/* End PBXBuildFile section */

/* Begin PBXFileReference section */
		3715997F2A8A12BA00FED88E /* UpcomingEventModel.swift */ = {isa = PBXFileReference; lastKnownFileType = sourcecode.swift; path = UpcomingEventModel.swift; sourceTree = "<group>"; };
		371599812A8A12EB00FED88E /* CalendarModel.swift */ = {isa = PBXFileReference; lastKnownFileType = sourcecode.swift; path = CalendarModel.swift; sourceTree = "<group>"; };
		371599832A8A130800FED88E /* Types.swift */ = {isa = PBXFileReference; lastKnownFileType = sourcecode.swift; path = Types.swift; sourceTree = "<group>"; };
		371599872A8A1B3900FED88E /* BaseExtension.swift */ = {isa = PBXFileReference; lastKnownFileType = sourcecode.swift; path = BaseExtension.swift; sourceTree = "<group>"; };
		371599892A8A1B9D00FED88E /* DateExtension.swift */ = {isa = PBXFileReference; lastKnownFileType = sourcecode.swift; path = DateExtension.swift; sourceTree = "<group>"; };
		3715998B2A8A22B800FED88E /* CalendarData.swift */ = {isa = PBXFileReference; lastKnownFileType = sourcecode.swift; path = CalendarData.swift; sourceTree = "<group>"; };
		3715998E2A8A23C700FED88E /* LabelView.swift */ = {isa = PBXFileReference; lastKnownFileType = sourcecode.swift; path = LabelView.swift; sourceTree = "<group>"; };
		371599902A8A24D600FED88E /* ListView.swift */ = {isa = PBXFileReference; lastKnownFileType = sourcecode.swift; path = ListView.swift; sourceTree = "<group>"; };
		371599922A8A25E900FED88E /* SettingsTabView.swift */ = {isa = PBXFileReference; lastKnownFileType = sourcecode.swift; path = SettingsTabView.swift; sourceTree = "<group>"; };
		37E352842A838207007211F7 /* Upcoming Events.app */ = {isa = PBXFileReference; explicitFileType = wrapper.application; includeInIndex = 0; path = "Upcoming Events.app"; sourceTree = BUILT_PRODUCTS_DIR; };
		37E352872A838207007211F7 /* Upcoming_EventsApp.swift */ = {isa = PBXFileReference; lastKnownFileType = sourcecode.swift; path = Upcoming_EventsApp.swift; sourceTree = "<group>"; };
		37E3528B2A838208007211F7 /* Assets.xcassets */ = {isa = PBXFileReference; lastKnownFileType = folder.assetcatalog; path = Assets.xcassets; sourceTree = "<group>"; };
		37E3528E2A838208007211F7 /* Preview Assets.xcassets */ = {isa = PBXFileReference; lastKnownFileType = folder.assetcatalog; path = "Preview Assets.xcassets"; sourceTree = "<group>"; };
		37E352902A838208007211F7 /* Upcoming_Events.entitlements */ = {isa = PBXFileReference; lastKnownFileType = text.plist.entitlements; path = Upcoming_Events.entitlements; sourceTree = "<group>"; };
/* End PBXFileReference section */

/* Begin PBXFrameworksBuildPhase section */
		37E352812A838207007211F7 /* Frameworks */ = {
			isa = PBXFrameworksBuildPhase;
			buildActionMask = 2147483647;
			files = (
				37E352982A838297007211F7 /* MenuBarExtraAccess in Frameworks */,
				37E3529B2A8382B2007211F7 /* SwiftFormat in Frameworks */,
			);
			runOnlyForDeploymentPostprocessing = 0;
		};
/* End PBXFrameworksBuildPhase section */

/* Begin PBXGroup section */
		3715997E2A8A12AC00FED88E /* Models */ = {
			isa = PBXGroup;
			children = (
				3715997F2A8A12BA00FED88E /* UpcomingEventModel.swift */,
				371599812A8A12EB00FED88E /* CalendarModel.swift */,
			);
			path = Models;
			sourceTree = "<group>";
		};
		371599862A8A1B1C00FED88E /* Extensions */ = {
			isa = PBXGroup;
			children = (
				371599872A8A1B3900FED88E /* BaseExtension.swift */,
				371599892A8A1B9D00FED88E /* DateExtension.swift */,
			);
			path = Extensions;
			sourceTree = "<group>";
		};
		3715998D2A8A23BB00FED88E /* Views */ = {
			isa = PBXGroup;
			children = (
				3715998E2A8A23C700FED88E /* LabelView.swift */,
				371599902A8A24D600FED88E /* ListView.swift */,
				371599922A8A25E900FED88E /* SettingsTabView.swift */,
			);
			path = Views;
			sourceTree = "<group>";
		};
		37E3527B2A838207007211F7 = {
			isa = PBXGroup;
			children = (
				37E352862A838207007211F7 /* Upcoming Events */,
				37E352852A838207007211F7 /* Products */,
			);
			sourceTree = "<group>";
		};
		37E352852A838207007211F7 /* Products */ = {
			isa = PBXGroup;
			children = (
				37E352842A838207007211F7 /* Upcoming Events.app */,
			);
			name = Products;
			sourceTree = "<group>";
		};
		37E352862A838207007211F7 /* Upcoming Events */ = {
			isa = PBXGroup;
			children = (
				3715998D2A8A23BB00FED88E /* Views */,
				371599862A8A1B1C00FED88E /* Extensions */,
				3715997E2A8A12AC00FED88E /* Models */,
				37E352872A838207007211F7 /* Upcoming_EventsApp.swift */,
				37E3528B2A838208007211F7 /* Assets.xcassets */,
				37E352902A838208007211F7 /* Upcoming_Events.entitlements */,
				37E3528D2A838208007211F7 /* Preview Content */,
				371599832A8A130800FED88E /* Types.swift */,
				3715998B2A8A22B800FED88E /* CalendarData.swift */,
			);
			path = "Upcoming Events";
			sourceTree = "<group>";
		};
		37E3528D2A838208007211F7 /* Preview Content */ = {
			isa = PBXGroup;
			children = (
				37E3528E2A838208007211F7 /* Preview Assets.xcassets */,
			);
			path = "Preview Content";
			sourceTree = "<group>";
		};
/* End PBXGroup section */

/* Begin PBXNativeTarget section */
		37E352832A838207007211F7 /* Upcoming Events */ = {
			isa = PBXNativeTarget;
			buildConfigurationList = 37E352932A838208007211F7 /* Build configuration list for PBXNativeTarget "Upcoming Events" */;
			buildPhases = (
				37E352802A838207007211F7 /* Sources */,
				37E352812A838207007211F7 /* Frameworks */,
				37E352822A838207007211F7 /* Resources */,
			);
			buildRules = (
			);
			dependencies = (
			);
			name = "Upcoming Events";
			packageProductDependencies = (
				37E352972A838297007211F7 /* MenuBarExtraAccess */,
				37E3529A2A8382B2007211F7 /* SwiftFormat */,
			);
			productName = "Upcoming Events";
			productReference = 37E352842A838207007211F7 /* Upcoming Events.app */;
			productType = "com.apple.product-type.application";
		};
/* End PBXNativeTarget section */

/* Begin PBXProject section */
		37E3527C2A838207007211F7 /* Project object */ = {
			isa = PBXProject;
			attributes = {
				BuildIndependentTargetsInParallel = 1;
				LastSwiftUpdateCheck = 1430;
				LastUpgradeCheck = 1430;
				TargetAttributes = {
					37E352832A838207007211F7 = {
						CreatedOnToolsVersion = 14.3.1;
					};
				};
			};
			buildConfigurationList = 37E3527F2A838207007211F7 /* Build configuration list for PBXProject "Upcoming Events" */;
			compatibilityVersion = "Xcode 14.0";
			developmentRegion = en;
			hasScannedForEncodings = 0;
			knownRegions = (
				en,
				Base,
			);
			mainGroup = 37E3527B2A838207007211F7;
			packageReferences = (
				37E352962A838297007211F7 /* XCRemoteSwiftPackageReference "MenuBarExtraAccess" */,
				37E352992A8382B2007211F7 /* XCRemoteSwiftPackageReference "SwiftFormat" */,
			);
			productRefGroup = 37E352852A838207007211F7 /* Products */;
			projectDirPath = "";
			projectRoot = "";
			targets = (
				37E352832A838207007211F7 /* Upcoming Events */,
			);
		};
/* End PBXProject section */

/* Begin PBXResourcesBuildPhase section */
		37E352822A838207007211F7 /* Resources */ = {
			isa = PBXResourcesBuildPhase;
			buildActionMask = 2147483647;
			files = (
				37E3528F2A838208007211F7 /* Preview Assets.xcassets in Resources */,
				37E3528C2A838208007211F7 /* Assets.xcassets in Resources */,
			);
			runOnlyForDeploymentPostprocessing = 0;
		};
/* End PBXResourcesBuildPhase section */

/* Begin PBXSourcesBuildPhase section */
		37E352802A838207007211F7 /* Sources */ = {
			isa = PBXSourcesBuildPhase;
			buildActionMask = 2147483647;
			files = (
				371599802A8A12BA00FED88E /* UpcomingEventModel.swift in Sources */,
				3715998C2A8A22B800FED88E /* CalendarData.swift in Sources */,
				3715998A2A8A1B9D00FED88E /* DateExtension.swift in Sources */,
				371599932A8A25E900FED88E /* SettingsTabView.swift in Sources */,
				371599882A8A1B3900FED88E /* BaseExtension.swift in Sources */,
				371599822A8A12EB00FED88E /* CalendarModel.swift in Sources */,
				3715998F2A8A23C700FED88E /* LabelView.swift in Sources */,
				37E352882A838207007211F7 /* Upcoming_EventsApp.swift in Sources */,
				371599842A8A130800FED88E /* Types.swift in Sources */,
				371599912A8A24D600FED88E /* ListView.swift in Sources */,
			);
			runOnlyForDeploymentPostprocessing = 0;
		};
/* End PBXSourcesBuildPhase section */

/* Begin XCBuildConfiguration section */
		37E352912A838208007211F7 /* Debug */ = {
			isa = XCBuildConfiguration;
			buildSettings = {
				ALWAYS_SEARCH_USER_PATHS = NO;
				CLANG_ANALYZER_NONNULL = YES;
				CLANG_ANALYZER_NUMBER_OBJECT_CONVERSION = YES_AGGRESSIVE;
				CLANG_CXX_LANGUAGE_STANDARD = "gnu++20";
				CLANG_ENABLE_MODULES = YES;
				CLANG_ENABLE_OBJC_ARC = YES;
				CLANG_ENABLE_OBJC_WEAK = YES;
				CLANG_WARN_BLOCK_CAPTURE_AUTORELEASING = YES;
				CLANG_WARN_BOOL_CONVERSION = YES;
				CLANG_WARN_COMMA = YES;
				CLANG_WARN_CONSTANT_CONVERSION = YES;
				CLANG_WARN_DEPRECATED_OBJC_IMPLEMENTATIONS = YES;
				CLANG_WARN_DIRECT_OBJC_ISA_USAGE = YES_ERROR;
				CLANG_WARN_DOCUMENTATION_COMMENTS = YES;
				CLANG_WARN_EMPTY_BODY = YES;
				CLANG_WARN_ENUM_CONVERSION = YES;
				CLANG_WARN_INFINITE_RECURSION = YES;
				CLANG_WARN_INT_CONVERSION = YES;
				CLANG_WARN_NON_LITERAL_NULL_CONVERSION = YES;
				CLANG_WARN_OBJC_IMPLICIT_RETAIN_SELF = YES;
				CLANG_WARN_OBJC_LITERAL_CONVERSION = YES;
				CLANG_WARN_OBJC_ROOT_CLASS = YES_ERROR;
				CLANG_WARN_QUOTED_INCLUDE_IN_FRAMEWORK_HEADER = YES;
				CLANG_WARN_RANGE_LOOP_ANALYSIS = YES;
				CLANG_WARN_STRICT_PROTOTYPES = YES;
				CLANG_WARN_SUSPICIOUS_MOVE = YES;
				CLANG_WARN_UNGUARDED_AVAILABILITY = YES_AGGRESSIVE;
				CLANG_WARN_UNREACHABLE_CODE = YES;
				CLANG_WARN__DUPLICATE_METHOD_MATCH = YES;
				COPY_PHASE_STRIP = NO;
				DEBUG_INFORMATION_FORMAT = dwarf;
				ENABLE_STRICT_OBJC_MSGSEND = YES;
				ENABLE_TESTABILITY = YES;
				GCC_C_LANGUAGE_STANDARD = gnu11;
				GCC_DYNAMIC_NO_PIC = NO;
				GCC_NO_COMMON_BLOCKS = YES;
				GCC_OPTIMIZATION_LEVEL = 0;
				GCC_PREPROCESSOR_DEFINITIONS = (
					"DEBUG=1",
					"$(inherited)",
				);
				GCC_WARN_64_TO_32_BIT_CONVERSION = YES;
				GCC_WARN_ABOUT_RETURN_TYPE = YES_ERROR;
				GCC_WARN_UNDECLARED_SELECTOR = YES;
				GCC_WARN_UNINITIALIZED_AUTOS = YES_AGGRESSIVE;
				GCC_WARN_UNUSED_FUNCTION = YES;
				GCC_WARN_UNUSED_VARIABLE = YES;
				MACOSX_DEPLOYMENT_TARGET = 13.3;
				MTL_ENABLE_DEBUG_INFO = INCLUDE_SOURCE;
				MTL_FAST_MATH = YES;
				ONLY_ACTIVE_ARCH = YES;
				SDKROOT = macosx;
				SWIFT_ACTIVE_COMPILATION_CONDITIONS = DEBUG;
				SWIFT_OPTIMIZATION_LEVEL = "-Onone";
			};
			name = Debug;
		};
		37E352922A838208007211F7 /* Release */ = {
			isa = XCBuildConfiguration;
			buildSettings = {
				ALWAYS_SEARCH_USER_PATHS = NO;
				CLANG_ANALYZER_NONNULL = YES;
				CLANG_ANALYZER_NUMBER_OBJECT_CONVERSION = YES_AGGRESSIVE;
				CLANG_CXX_LANGUAGE_STANDARD = "gnu++20";
				CLANG_ENABLE_MODULES = YES;
				CLANG_ENABLE_OBJC_ARC = YES;
				CLANG_ENABLE_OBJC_WEAK = YES;
				CLANG_WARN_BLOCK_CAPTURE_AUTORELEASING = YES;
				CLANG_WARN_BOOL_CONVERSION = YES;
				CLANG_WARN_COMMA = YES;
				CLANG_WARN_CONSTANT_CONVERSION = YES;
				CLANG_WARN_DEPRECATED_OBJC_IMPLEMENTATIONS = YES;
				CLANG_WARN_DIRECT_OBJC_ISA_USAGE = YES_ERROR;
				CLANG_WARN_DOCUMENTATION_COMMENTS = YES;
				CLANG_WARN_EMPTY_BODY = YES;
				CLANG_WARN_ENUM_CONVERSION = YES;
				CLANG_WARN_INFINITE_RECURSION = YES;
				CLANG_WARN_INT_CONVERSION = YES;
				CLANG_WARN_NON_LITERAL_NULL_CONVERSION = YES;
				CLANG_WARN_OBJC_IMPLICIT_RETAIN_SELF = YES;
				CLANG_WARN_OBJC_LITERAL_CONVERSION = YES;
				CLANG_WARN_OBJC_ROOT_CLASS = YES_ERROR;
				CLANG_WARN_QUOTED_INCLUDE_IN_FRAMEWORK_HEADER = YES;
				CLANG_WARN_RANGE_LOOP_ANALYSIS = YES;
				CLANG_WARN_STRICT_PROTOTYPES = YES;
				CLANG_WARN_SUSPICIOUS_MOVE = YES;
				CLANG_WARN_UNGUARDED_AVAILABILITY = YES_AGGRESSIVE;
				CLANG_WARN_UNREACHABLE_CODE = YES;
				CLANG_WARN__DUPLICATE_METHOD_MATCH = YES;
				COPY_PHASE_STRIP = NO;
				DEBUG_INFORMATION_FORMAT = "dwarf-with-dsym";
				ENABLE_NS_ASSERTIONS = NO;
				ENABLE_STRICT_OBJC_MSGSEND = YES;
				GCC_C_LANGUAGE_STANDARD = gnu11;
				GCC_NO_COMMON_BLOCKS = YES;
				GCC_WARN_64_TO_32_BIT_CONVERSION = YES;
				GCC_WARN_ABOUT_RETURN_TYPE = YES_ERROR;
				GCC_WARN_UNDECLARED_SELECTOR = YES;
				GCC_WARN_UNINITIALIZED_AUTOS = YES_AGGRESSIVE;
				GCC_WARN_UNUSED_FUNCTION = YES;
				GCC_WARN_UNUSED_VARIABLE = YES;
				MACOSX_DEPLOYMENT_TARGET = 13.3;
				MTL_ENABLE_DEBUG_INFO = NO;
				MTL_FAST_MATH = YES;
				SDKROOT = macosx;
				SWIFT_COMPILATION_MODE = wholemodule;
				SWIFT_OPTIMIZATION_LEVEL = "-O";
			};
			name = Release;
		};
		37E352942A838208007211F7 /* Debug */ = {
			isa = XCBuildConfiguration;
			buildSettings = {
				ASSETCATALOG_COMPILER_APPICON_NAME = AppIcon;
				ASSETCATALOG_COMPILER_GLOBAL_ACCENT_COLOR_NAME = AccentColor;
				CODE_SIGN_ENTITLEMENTS = "Upcoming Events/Upcoming_Events.entitlements";
				CODE_SIGN_STYLE = Automatic;
				COMBINE_HIDPI_IMAGES = YES;
				CURRENT_PROJECT_VERSION = 1;
				DEVELOPMENT_ASSET_PATHS = "\"Upcoming Events/Preview Content\"";
				ENABLE_PREVIEWS = YES;
				GENERATE_INFOPLIST_FILE = YES;
				INFOPLIST_KEY_LSUIElement = YES;
				INFOPLIST_KEY_NSCalendarsUsageDescription = "";
				INFOPLIST_KEY_NSHumanReadableCopyright = "";
				LD_RUNPATH_SEARCH_PATHS = (
					"$(inherited)",
					"@executable_path/../Frameworks",
				);
				MARKETING_VERSION = 1.0;
				PRODUCT_BUNDLE_IDENTIFIER = "com.kentayamada.Upcoming-Events";
				PRODUCT_NAME = "$(TARGET_NAME)";
				SWIFT_EMIT_LOC_STRINGS = YES;
				SWIFT_VERSION = 5.0;
			};
			name = Debug;
		};
		37E352952A838208007211F7 /* Release */ = {
			isa = XCBuildConfiguration;
			buildSettings = {
				ASSETCATALOG_COMPILER_APPICON_NAME = AppIcon;
				ASSETCATALOG_COMPILER_GLOBAL_ACCENT_COLOR_NAME = AccentColor;
				CODE_SIGN_ENTITLEMENTS = "Upcoming Events/Upcoming_Events.entitlements";
				CODE_SIGN_STYLE = Automatic;
				COMBINE_HIDPI_IMAGES = YES;
				CURRENT_PROJECT_VERSION = 1;
				DEVELOPMENT_ASSET_PATHS = "\"Upcoming Events/Preview Content\"";
				ENABLE_PREVIEWS = YES;
				GENERATE_INFOPLIST_FILE = YES;
				INFOPLIST_KEY_LSUIElement = YES;
				INFOPLIST_KEY_NSCalendarsUsageDescription = "";
				INFOPLIST_KEY_NSHumanReadableCopyright = "";
				LD_RUNPATH_SEARCH_PATHS = (
					"$(inherited)",
					"@executable_path/../Frameworks",
				);
				MARKETING_VERSION = 1.0;
				PRODUCT_BUNDLE_IDENTIFIER = "com.kentayamada.Upcoming-Events";
				PRODUCT_NAME = "$(TARGET_NAME)";
				SWIFT_EMIT_LOC_STRINGS = YES;
				SWIFT_VERSION = 5.0;
			};
			name = Release;
		};
/* End XCBuildConfiguration section */

/* Begin XCConfigurationList section */
		37E3527F2A838207007211F7 /* Build configuration list for PBXProject "Upcoming Events" */ = {
			isa = XCConfigurationList;
			buildConfigurations = (
				37E352912A838208007211F7 /* Debug */,
				37E352922A838208007211F7 /* Release */,
			);
			defaultConfigurationIsVisible = 0;
			defaultConfigurationName = Release;
		};
		37E352932A838208007211F7 /* Build configuration list for PBXNativeTarget "Upcoming Events" */ = {
			isa = XCConfigurationList;
			buildConfigurations = (
				37E352942A838208007211F7 /* Debug */,
				37E352952A838208007211F7 /* Release */,
			);
			defaultConfigurationIsVisible = 0;
			defaultConfigurationName = Release;
		};
/* End XCConfigurationList section */

/* Begin XCRemoteSwiftPackageReference section */
		37E352962A838297007211F7 /* XCRemoteSwiftPackageReference "MenuBarExtraAccess" */ = {
			isa = XCRemoteSwiftPackageReference;
			repositoryURL = "https://github.com/orchetect/MenuBarExtraAccess";
			requirement = {
				kind = upToNextMajorVersion;
				minimumVersion = 1.0.0;
			};
		};
		37E352992A8382B2007211F7 /* XCRemoteSwiftPackageReference "SwiftFormat" */ = {
			isa = XCRemoteSwiftPackageReference;
			repositoryURL = "https://github.com/nicklockwood/SwiftFormat";
			requirement = {
				kind = upToNextMajorVersion;
				minimumVersion = 0.51.15;
			};
		};
/* End XCRemoteSwiftPackageReference section */

/* Begin XCSwiftPackageProductDependency section */
		37E352972A838297007211F7 /* MenuBarExtraAccess */ = {
			isa = XCSwiftPackageProductDependency;
			package = 37E352962A838297007211F7 /* XCRemoteSwiftPackageReference "MenuBarExtraAccess" */;
			productName = MenuBarExtraAccess;
		};
		37E3529A2A8382B2007211F7 /* SwiftFormat */ = {
			isa = XCSwiftPackageProductDependency;
			package = 37E352992A8382B2007211F7 /* XCRemoteSwiftPackageReference "SwiftFormat" */;
			productName = SwiftFormat;
		};
/* End XCSwiftPackageProductDependency section */
	};
	rootObject = 37E3527C2A838207007211F7 /* Project object */;
}
